// !$*UTF8*$!
{
	archiveVersion = 1;
	classes = {
	};
	objectVersion = 50;
	objects = {

/* Begin PBXBuildFile section */
		5086694B23871CDC0042BD26 /* AppDelegate.swift in Sources */ = {isa = PBXBuildFile; fileRef = 5086694A23871CDC0042BD26 /* AppDelegate.swift */; };
		5086694D23871CDC0042BD26 /* SceneDelegate.swift in Sources */ = {isa = PBXBuildFile; fileRef = 5086694C23871CDC0042BD26 /* SceneDelegate.swift */; };
		5086694F23871CDC0042BD26 /* ViewController.swift in Sources */ = {isa = PBXBuildFile; fileRef = 5086694E23871CDC0042BD26 /* ViewController.swift */; };
		5086695223871CDC0042BD26 /* Main.storyboard in Resources */ = {isa = PBXBuildFile; fileRef = 5086695023871CDC0042BD26 /* Main.storyboard */; };
		5086695523871CDC0042BD26 /* _0191119_MichelOrtega_NYCSchools.xcdatamodeld in Sources */ = {isa = PBXBuildFile; fileRef = 5086695323871CDC0042BD26 /* _0191119_MichelOrtega_NYCSchools.xcdatamodeld */; };
		5086695723871CDE0042BD26 /* Assets.xcassets in Resources */ = {isa = PBXBuildFile; fileRef = 5086695623871CDE0042BD26 /* Assets.xcassets */; };
		5086695A23871CDE0042BD26 /* LaunchScreen.storyboard in Resources */ = {isa = PBXBuildFile; fileRef = 5086695823871CDE0042BD26 /* LaunchScreen.storyboard */; };
		5086696523871CDE0042BD26 /* _0191119_MichelOrtega_NYCSchoolsTests.swift in Sources */ = {isa = PBXBuildFile; fileRef = 5086696423871CDE0042BD26 /* _0191119_MichelOrtega_NYCSchoolsTests.swift */; };
/* End PBXBuildFile section */

/* Begin PBXContainerItemProxy section */
		5086696123871CDE0042BD26 /* PBXContainerItemProxy */ = {
			isa = PBXContainerItemProxy;
			containerPortal = 5086693F23871CDC0042BD26 /* Project object */;
			proxyType = 1;
			remoteGlobalIDString = 5086694623871CDC0042BD26;
			remoteInfo = "20191119-MichelOrtega-NYCSchools";
		};
/* End PBXContainerItemProxy section */

/* Begin PBXFileReference section */
		5086694723871CDC0042BD26 /* 20191119-MichelOrtega-NYCSchools.app */ = {isa = PBXFileReference; explicitFileType = wrapper.application; includeInIndex = 0; path = "20191119-MichelOrtega-NYCSchools.app"; sourceTree = BUILT_PRODUCTS_DIR; };
		5086694A23871CDC0042BD26 /* AppDelegate.swift */ = {isa = PBXFileReference; lastKnownFileType = sourcecode.swift; path = AppDelegate.swift; sourceTree = "<group>"; };
		5086694C23871CDC0042BD26 /* SceneDelegate.swift */ = {isa = PBXFileReference; lastKnownFileType = sourcecode.swift; path = SceneDelegate.swift; sourceTree = "<group>"; };
		5086694E23871CDC0042BD26 /* ViewController.swift */ = {isa = PBXFileReference; lastKnownFileType = sourcecode.swift; path = ViewController.swift; sourceTree = "<group>"; };
		5086695123871CDC0042BD26 /* Base */ = {isa = PBXFileReference; lastKnownFileType = file.storyboard; name = Base; path = Base.lproj/Main.storyboard; sourceTree = "<group>"; };
		5086695423871CDC0042BD26 /* _0191119_MichelOrtega_NYCSchools.xcdatamodel */ = {isa = PBXFileReference; lastKnownFileType = wrapper.xcdatamodel; path = _0191119_MichelOrtega_NYCSchools.xcdatamodel; sourceTree = "<group>"; };
		5086695623871CDE0042BD26 /* Assets.xcassets */ = {isa = PBXFileReference; lastKnownFileType = folder.assetcatalog; path = Assets.xcassets; sourceTree = "<group>"; };
		5086695923871CDE0042BD26 /* Base */ = {isa = PBXFileReference; lastKnownFileType = file.storyboard; name = Base; path = Base.lproj/LaunchScreen.storyboard; sourceTree = "<group>"; };
		5086695B23871CDE0042BD26 /* Info.plist */ = {isa = PBXFileReference; lastKnownFileType = text.plist.xml; path = Info.plist; sourceTree = "<group>"; };
		5086696023871CDE0042BD26 /* 20191119-MichelOrtega-NYCSchoolsTests.xctest */ = {isa = PBXFileReference; explicitFileType = wrapper.cfbundle; includeInIndex = 0; path = "20191119-MichelOrtega-NYCSchoolsTests.xctest"; sourceTree = BUILT_PRODUCTS_DIR; };
		5086696423871CDE0042BD26 /* _0191119_MichelOrtega_NYCSchoolsTests.swift */ = {isa = PBXFileReference; lastKnownFileType = sourcecode.swift; path = _0191119_MichelOrtega_NYCSchoolsTests.swift; sourceTree = "<group>"; };
		5086696623871CDE0042BD26 /* Info.plist */ = {isa = PBXFileReference; lastKnownFileType = text.plist.xml; path = Info.plist; sourceTree = "<group>"; };
/* End PBXFileReference section */

/* Begin PBXFrameworksBuildPhase section */
		5086694423871CDC0042BD26 /* Frameworks */ = {
			isa = PBXFrameworksBuildPhase;
			buildActionMask = 2147483647;
			files = (
			);
			runOnlyForDeploymentPostprocessing = 0;
		};
		5086695D23871CDE0042BD26 /* Frameworks */ = {
			isa = PBXFrameworksBuildPhase;
			buildActionMask = 2147483647;
			files = (
			);
			runOnlyForDeploymentPostprocessing = 0;
		};
/* End PBXFrameworksBuildPhase section */

/* Begin PBXGroup section */
		5086693E23871CDC0042BD26 = {
			isa = PBXGroup;
			children = (
				5086694923871CDC0042BD26 /* 20191119-MichelOrtega-NYCSchools */,
				5086696323871CDE0042BD26 /* 20191119-MichelOrtega-NYCSchoolsTests */,
				5086694823871CDC0042BD26 /* Products */,
			);
			sourceTree = "<group>";
		};
		5086694823871CDC0042BD26 /* Products */ = {
			isa = PBXGroup;
			children = (
				5086694723871CDC0042BD26 /* 20191119-MichelOrtega-NYCSchools.app */,
				5086696023871CDE0042BD26 /* 20191119-MichelOrtega-NYCSchoolsTests.xctest */,
			);
			name = Products;
			sourceTree = "<group>";
		};
		5086694923871CDC0042BD26 /* 20191119-MichelOrtega-NYCSchools */ = {
			isa = PBXGroup;
			children = (
				5086694A23871CDC0042BD26 /* AppDelegate.swift */,
				5086694C23871CDC0042BD26 /* SceneDelegate.swift */,
				5086694E23871CDC0042BD26 /* ViewController.swift */,
				5086695023871CDC0042BD26 /* Main.storyboard */,
				5086695623871CDE0042BD26 /* Assets.xcassets */,
				5086695823871CDE0042BD26 /* LaunchScreen.storyboard */,
				5086695B23871CDE0042BD26 /* Info.plist */,
				5086695323871CDC0042BD26 /* _0191119_MichelOrtega_NYCSchools.xcdatamodeld */,
			);
			path = "20191119-MichelOrtega-NYCSchools";
			sourceTree = "<group>";
		};
		5086696323871CDE0042BD26 /* 20191119-MichelOrtega-NYCSchoolsTests */ = {
			isa = PBXGroup;
			children = (
				5086696423871CDE0042BD26 /* _0191119_MichelOrtega_NYCSchoolsTests.swift */,
				5086696623871CDE0042BD26 /* Info.plist */,
			);
			path = "20191119-MichelOrtega-NYCSchoolsTests";
			sourceTree = "<group>";
		};
/* End PBXGroup section */

/* Begin PBXNativeTarget section */
		5086694623871CDC0042BD26 /* 20191119-MichelOrtega-NYCSchools */ = {
			isa = PBXNativeTarget;
			buildConfigurationList = 5086696923871CDE0042BD26 /* Build configuration list for PBXNativeTarget "20191119-MichelOrtega-NYCSchools" */;
			buildPhases = (
				5086694323871CDC0042BD26 /* Sources */,
				5086694423871CDC0042BD26 /* Frameworks */,
				5086694523871CDC0042BD26 /* Resources */,
			);
			buildRules = (
			);
			dependencies = (
			);
			name = "20191119-MichelOrtega-NYCSchools";
			productName = "20191119-MichelOrtega-NYCSchools";
			productReference = 5086694723871CDC0042BD26 /* 20191119-MichelOrtega-NYCSchools.app */;
			productType = "com.apple.product-type.application";
		};
		5086695F23871CDE0042BD26 /* 20191119-MichelOrtega-NYCSchoolsTests */ = {
			isa = PBXNativeTarget;
			buildConfigurationList = 5086696C23871CDE0042BD26 /* Build configuration list for PBXNativeTarget "20191119-MichelOrtega-NYCSchoolsTests" */;
			buildPhases = (
				5086695C23871CDE0042BD26 /* Sources */,
				5086695D23871CDE0042BD26 /* Frameworks */,
				5086695E23871CDE0042BD26 /* Resources */,
			);
			buildRules = (
			);
			dependencies = (
				5086696223871CDE0042BD26 /* PBXTargetDependency */,
			);
			name = "20191119-MichelOrtega-NYCSchoolsTests";
			productName = "20191119-MichelOrtega-NYCSchoolsTests";
			productReference = 5086696023871CDE0042BD26 /* 20191119-MichelOrtega-NYCSchoolsTests.xctest */;
			productType = "com.apple.product-type.bundle.unit-test";
		};
/* End PBXNativeTarget section */

/* Begin PBXProject section */
		5086693F23871CDC0042BD26 /* Project object */ = {
			isa = PBXProject;
			attributes = {
				LastSwiftUpdateCheck = 1120;
				LastUpgradeCheck = 1120;
				ORGANIZATIONNAME = "Michel Ortega";
				TargetAttributes = {
					5086694623871CDC0042BD26 = {
						CreatedOnToolsVersion = 11.2.1;
					};
					5086695F23871CDE0042BD26 = {
						CreatedOnToolsVersion = 11.2.1;
						TestTargetID = 5086694623871CDC0042BD26;
					};
				};
			};
			buildConfigurationList = 5086694223871CDC0042BD26 /* Build configuration list for PBXProject "20191119-MichelOrtega-NYCSchools" */;
			compatibilityVersion = "Xcode 9.3";
			developmentRegion = en;
			hasScannedForEncodings = 0;
			knownRegions = (
				en,
				Base,
			);
			mainGroup = 5086693E23871CDC0042BD26;
			productRefGroup = 5086694823871CDC0042BD26 /* Products */;
			projectDirPath = "";
			projectRoot = "";
			targets = (
				5086694623871CDC0042BD26 /* 20191119-MichelOrtega-NYCSchools */,
				5086695F23871CDE0042BD26 /* 20191119-MichelOrtega-NYCSchoolsTests */,
			);
		};
/* End PBXProject section */

/* Begin PBXResourcesBuildPhase section */
		5086694523871CDC0042BD26 /* Resources */ = {
			isa = PBXResourcesBuildPhase;
			buildActionMask = 2147483647;
			files = (
				5086695A23871CDE0042BD26 /* LaunchScreen.storyboard in Resources */,
				5086695723871CDE0042BD26 /* Assets.xcassets in Resources */,
				5086695223871CDC0042BD26 /* Main.storyboard in Resources */,
			);
			runOnlyForDeploymentPostprocessing = 0;
		};
		5086695E23871CDE0042BD26 /* Resources */ = {
			isa = PBXResourcesBuildPhase;
			buildActionMask = 2147483647;
			files = (
			);
			runOnlyForDeploymentPostprocessing = 0;
		};
/* End PBXResourcesBuildPhase section */

/* Begin PBXSourcesBuildPhase section */
		5086694323871CDC0042BD26 /* Sources */ = {
			isa = PBXSourcesBuildPhase;
			buildActionMask = 2147483647;
			files = (
				5086694F23871CDC0042BD26 /* ViewController.swift in Sources */,
				5086695523871CDC0042BD26 /* _0191119_MichelOrtega_NYCSchools.xcdatamodeld in Sources */,
				5086694B23871CDC0042BD26 /* AppDelegate.swift in Sources */,
				5086694D23871CDC0042BD26 /* SceneDelegate.swift in Sources */,
			);
			runOnlyForDeploymentPostprocessing = 0;
		};
		5086695C23871CDE0042BD26 /* Sources */ = {
			isa = PBXSourcesBuildPhase;
			buildActionMask = 2147483647;
			files = (
				5086696523871CDE0042BD26 /* _0191119_MichelOrtega_NYCSchoolsTests.swift in Sources */,
			);
			runOnlyForDeploymentPostprocessing = 0;
		};
/* End PBXSourcesBuildPhase section */

/* Begin PBXTargetDependency section */
		5086696223871CDE0042BD26 /* PBXTargetDependency */ = {
			isa = PBXTargetDependency;
			target = 5086694623871CDC0042BD26 /* 20191119-MichelOrtega-NYCSchools */;
			targetProxy = 5086696123871CDE0042BD26 /* PBXContainerItemProxy */;
		};
/* End PBXTargetDependency section */

/* Begin PBXVariantGroup section */
		5086695023871CDC0042BD26 /* Main.storyboard */ = {
			isa = PBXVariantGroup;
			children = (
				5086695123871CDC0042BD26 /* Base */,
			);
			name = Main.storyboard;
			sourceTree = "<group>";
		};
		5086695823871CDE0042BD26 /* LaunchScreen.storyboard */ = {
			isa = PBXVariantGroup;
			children = (
				5086695923871CDE0042BD26 /* Base */,
			);
			name = LaunchScreen.storyboard;
			sourceTree = "<group>";
		};
/* End PBXVariantGroup section */

/* Begin XCBuildConfiguration section */
		5086696723871CDE0042BD26 /* Debug */ = {
			isa = XCBuildConfiguration;
			buildSettings = {
				ALWAYS_SEARCH_USER_PATHS = NO;
				CLANG_ANALYZER_NONNULL = YES;
				CLANG_ANALYZER_NUMBER_OBJECT_CONVERSION = YES_AGGRESSIVE;
				CLANG_CXX_LANGUAGE_STANDARD = "gnu++14";
				CLANG_CXX_LIBRARY = "libc++";
				CLANG_ENABLE_MODULES = YES;
				CLANG_ENABLE_OBJC_ARC = YES;
				CLANG_ENABLE_OBJC_WEAK = YES;
				CLANG_WARN_BLOCK_CAPTURE_AUTORELEASING = YES;
				CLANG_WARN_BOOL_CONVERSION = YES;
				CLANG_WARN_COMMA = YES;
				CLANG_WARN_CONSTANT_CONVERSION = YES;
				CLANG_WARN_DEPRECATED_OBJC_IMPLEMENTATIONS = YES;
				CLANG_WARN_DIRECT_OBJC_ISA_USAGE = YES_ERROR;
				CLANG_WARN_DOCUMENTATION_COMMENTS = YES;
				CLANG_WARN_EMPTY_BODY = YES;
				CLANG_WARN_ENUM_CONVERSION = YES;
				CLANG_WARN_INFINITE_RECURSION = YES;
				CLANG_WARN_INT_CONVERSION = YES;
				CLANG_WARN_NON_LITERAL_NULL_CONVERSION = YES;
				CLANG_WARN_OBJC_IMPLICIT_RETAIN_SELF = YES;
				CLANG_WARN_OBJC_LITERAL_CONVERSION = YES;
				CLANG_WARN_OBJC_ROOT_CLASS = YES_ERROR;
				CLANG_WARN_RANGE_LOOP_ANALYSIS = YES;
				CLANG_WARN_STRICT_PROTOTYPES = YES;
				CLANG_WARN_SUSPICIOUS_MOVE = YES;
				CLANG_WARN_UNGUARDED_AVAILABILITY = YES_AGGRESSIVE;
				CLANG_WARN_UNREACHABLE_CODE = YES;
				CLANG_WARN__DUPLICATE_METHOD_MATCH = YES;
				COPY_PHASE_STRIP = NO;
				DEBUG_INFORMATION_FORMAT = dwarf;
				ENABLE_STRICT_OBJC_MSGSEND = YES;
				ENABLE_TESTABILITY = YES;
				GCC_C_LANGUAGE_STANDARD = gnu11;
				GCC_DYNAMIC_NO_PIC = NO;
				GCC_NO_COMMON_BLOCKS = YES;
				GCC_OPTIMIZATION_LEVEL = 0;
				GCC_PREPROCESSOR_DEFINITIONS = (
					"DEBUG=1",
					"$(inherited)",
				);
				GCC_WARN_64_TO_32_BIT_CONVERSION = YES;
				GCC_WARN_ABOUT_RETURN_TYPE = YES_ERROR;
				GCC_WARN_UNDECLARED_SELECTOR = YES;
				GCC_WARN_UNINITIALIZED_AUTOS = YES_AGGRESSIVE;
				GCC_WARN_UNUSED_FUNCTION = YES;
				GCC_WARN_UNUSED_VARIABLE = YES;
				IPHONEOS_DEPLOYMENT_TARGET = 13.2;
				MTL_ENABLE_DEBUG_INFO = INCLUDE_SOURCE;
				MTL_FAST_MATH = YES;
				ONLY_ACTIVE_ARCH = YES;
				SDKROOT = iphoneos;
				SWIFT_ACTIVE_COMPILATION_CONDITIONS = DEBUG;
				SWIFT_OPTIMIZATION_LEVEL = "-Onone";
			};
			name = Debug;
		};
		5086696823871CDE0042BD26 /* Release */ = {
			isa = XCBuildConfiguration;
			buildSettings = {
				ALWAYS_SEARCH_USER_PATHS = NO;
				CLANG_ANALYZER_NONNULL = YES;
				CLANG_ANALYZER_NUMBER_OBJECT_CONVERSION = YES_AGGRESSIVE;
				CLANG_CXX_LANGUAGE_STANDARD = "gnu++14";
				CLANG_CXX_LIBRARY = "libc++";
				CLANG_ENABLE_MODULES = YES;
				CLANG_ENABLE_OBJC_ARC = YES;
				CLANG_ENABLE_OBJC_WEAK = YES;
				CLANG_WARN_BLOCK_CAPTURE_AUTORELEASING = YES;
				CLANG_WARN_BOOL_CONVERSION = YES;
				CLANG_WARN_COMMA = YES;
				CLANG_WARN_CONSTANT_CONVERSION = YES;
				CLANG_WARN_DEPRECATED_OBJC_IMPLEMENTATIONS = YES;
				CLANG_WARN_DIRECT_OBJC_ISA_USAGE = YES_ERROR;
				CLANG_WARN_DOCUMENTATION_COMMENTS = YES;
				CLANG_WARN_EMPTY_BODY = YES;
				CLANG_WARN_ENUM_CONVERSION = YES;
				CLANG_WARN_INFINITE_RECURSION = YES;
				CLANG_WARN_INT_CONVERSION = YES;
				CLANG_WARN_NON_LITERAL_NULL_CONVERSION = YES;
				CLANG_WARN_OBJC_IMPLICIT_RETAIN_SELF = YES;
				CLANG_WARN_OBJC_LITERAL_CONVERSION = YES;
				CLANG_WARN_OBJC_ROOT_CLASS = YES_ERROR;
				CLANG_WARN_RANGE_LOOP_ANALYSIS = YES;
				CLANG_WARN_STRICT_PROTOTYPES = YES;
				CLANG_WARN_SUSPICIOUS_MOVE = YES;
				CLANG_WARN_UNGUARDED_AVAILABILITY = YES_AGGRESSIVE;
				CLANG_WARN_UNREACHABLE_CODE = YES;
				CLANG_WARN__DUPLICATE_METHOD_MATCH = YES;
				COPY_PHASE_STRIP = NO;
				DEBUG_INFORMATION_FORMAT = "dwarf-with-dsym";
				ENABLE_NS_ASSERTIONS = NO;
				ENABLE_STRICT_OBJC_MSGSEND = YES;
				GCC_C_LANGUAGE_STANDARD = gnu11;
				GCC_NO_COMMON_BLOCKS = YES;
				GCC_WARN_64_TO_32_BIT_CONVERSION = YES;
				GCC_WARN_ABOUT_RETURN_TYPE = YES_ERROR;
				GCC_WARN_UNDECLARED_SELECTOR = YES;
				GCC_WARN_UNINITIALIZED_AUTOS = YES_AGGRESSIVE;
				GCC_WARN_UNUSED_FUNCTION = YES;
				GCC_WARN_UNUSED_VARIABLE = YES;
				IPHONEOS_DEPLOYMENT_TARGET = 13.2;
				MTL_ENABLE_DEBUG_INFO = NO;
				MTL_FAST_MATH = YES;
				SDKROOT = iphoneos;
				SWIFT_COMPILATION_MODE = wholemodule;
				SWIFT_OPTIMIZATION_LEVEL = "-O";
				VALIDATE_PRODUCT = YES;
			};
			name = Release;
		};
		5086696A23871CDE0042BD26 /* Debug */ = {
			isa = XCBuildConfiguration;
			buildSettings = {
				ASSETCATALOG_COMPILER_APPICON_NAME = AppIcon;
				CODE_SIGN_STYLE = Automatic;
				DEVELOPMENT_TEAM = WU95R9B238;
				INFOPLIST_FILE = "20191119-MichelOrtega-NYCSchools/Info.plist";
				LD_RUNPATH_SEARCH_PATHS = (
					"$(inherited)",
					"@executable_path/Frameworks",
				);
				PRODUCT_BUNDLE_IDENTIFIER = "com.coolnerdcool.-0191119-MichelOrtega-NYCSchools";
				PRODUCT_NAME = "$(TARGET_NAME)";
				SWIFT_VERSION = 5.0;
				TARGETED_DEVICE_FAMILY = "1,2";
			};
			name = Debug;
		};
		5086696B23871CDE0042BD26 /* Release */ = {
			isa = XCBuildConfiguration;
			buildSettings = {
				ASSETCATALOG_COMPILER_APPICON_NAME = AppIcon;
				CODE_SIGN_STYLE = Automatic;
				DEVELOPMENT_TEAM = WU95R9B238;
				INFOPLIST_FILE = "20191119-MichelOrtega-NYCSchools/Info.plist";
				LD_RUNPATH_SEARCH_PATHS = (
					"$(inherited)",
					"@executable_path/Frameworks",
				);
				PRODUCT_BUNDLE_IDENTIFIER = "com.coolnerdcool.-0191119-MichelOrtega-NYCSchools";
				PRODUCT_NAME = "$(TARGET_NAME)";
				SWIFT_VERSION = 5.0;
				TARGETED_DEVICE_FAMILY = "1,2";
			};
			name = Release;
		};
		5086696D23871CDE0042BD26 /* Debug */ = {
			isa = XCBuildConfiguration;
			buildSettings = {
				ALWAYS_EMBED_SWIFT_STANDARD_LIBRARIES = YES;
				BUNDLE_LOADER = "$(TEST_HOST)";
				CODE_SIGN_STYLE = Automatic;
				DEVELOPMENT_TEAM = WU95R9B238;
				INFOPLIST_FILE = "20191119-MichelOrtega-NYCSchoolsTests/Info.plist";
				IPHONEOS_DEPLOYMENT_TARGET = 13.2;
				LD_RUNPATH_SEARCH_PATHS = (
					"$(inherited)",
					"@executable_path/Frameworks",
					"@loader_path/Frameworks",
				);
				PRODUCT_BUNDLE_IDENTIFIER = "com.coolnerdcool.-0191119-MichelOrtega-NYCSchoolsTests";
				PRODUCT_NAME = "$(TARGET_NAME)";
				SWIFT_VERSION = 5.0;
				TARGETED_DEVICE_FAMILY = "1,2";
				TEST_HOST = "$(BUILT_PRODUCTS_DIR)/20191119-MichelOrtega-NYCSchools.app/20191119-MichelOrtega-NYCSchools";
			};
			name = Debug;
		};
		5086696E23871CDE0042BD26 /* Release */ = {
			isa = XCBuildConfiguration;
			buildSettings = {
				ALWAYS_EMBED_SWIFT_STANDARD_LIBRARIES = YES;
				BUNDLE_LOADER = "$(TEST_HOST)";
				CODE_SIGN_STYLE = Automatic;
				DEVELOPMENT_TEAM = WU95R9B238;
				INFOPLIST_FILE = "20191119-MichelOrtega-NYCSchoolsTests/Info.plist";
				IPHONEOS_DEPLOYMENT_TARGET = 13.2;
				LD_RUNPATH_SEARCH_PATHS = (
					"$(inherited)",
					"@executable_path/Frameworks",
					"@loader_path/Frameworks",
				);
				PRODUCT_BUNDLE_IDENTIFIER = "com.coolnerdcool.-0191119-MichelOrtega-NYCSchoolsTests";
				PRODUCT_NAME = "$(TARGET_NAME)";
				SWIFT_VERSION = 5.0;
				TARGETED_DEVICE_FAMILY = "1,2";
				TEST_HOST = "$(BUILT_PRODUCTS_DIR)/20191119-MichelOrtega-NYCSchools.app/20191119-MichelOrtega-NYCSchools";
			};
			name = Release;
		};
/* End XCBuildConfiguration section */

/* Begin XCConfigurationList section */
		5086694223871CDC0042BD26 /* Build configuration list for PBXProject "20191119-MichelOrtega-NYCSchools" */ = {
			isa = XCConfigurationList;
			buildConfigurations = (
				5086696723871CDE0042BD26 /* Debug */,
				5086696823871CDE0042BD26 /* Release */,
			);
			defaultConfigurationIsVisible = 0;
			defaultConfigurationName = Release;
		};
		5086696923871CDE0042BD26 /* Build configuration list for PBXNativeTarget "20191119-MichelOrtega-NYCSchools" */ = {
			isa = XCConfigurationList;
			buildConfigurations = (
				5086696A23871CDE0042BD26 /* Debug */,
				5086696B23871CDE0042BD26 /* Release */,
			);
			defaultConfigurationIsVisible = 0;
			defaultConfigurationName = Release;
		};
		5086696C23871CDE0042BD26 /* Build configuration list for PBXNativeTarget "20191119-MichelOrtega-NYCSchoolsTests" */ = {
			isa = XCConfigurationList;
			buildConfigurations = (
				5086696D23871CDE0042BD26 /* Debug */,
				5086696E23871CDE0042BD26 /* Release */,
			);
			defaultConfigurationIsVisible = 0;
			defaultConfigurationName = Release;
		};
/* End XCConfigurationList section */

/* Begin XCVersionGroup section */
		5086695323871CDC0042BD26 /* _0191119_MichelOrtega_NYCSchools.xcdatamodeld */ = {
			isa = XCVersionGroup;
			children = (
				5086695423871CDC0042BD26 /* _0191119_MichelOrtega_NYCSchools.xcdatamodel */,
			);
			currentVersion = 5086695423871CDC0042BD26 /* _0191119_MichelOrtega_NYCSchools.xcdatamodel */;
			path = _0191119_MichelOrtega_NYCSchools.xcdatamodeld;
			sourceTree = "<group>";
			versionGroupType = wrapper.xcdatamodel;
		};
/* End XCVersionGroup section */
	};
	rootObject = 5086693F23871CDC0042BD26 /* Project object */;
}
